
Microsoft Visual Studio Solution File, Format Version 12.00
# Visual Studio Version 16
VisualStudioVersion = 16.0.32002.261
MinimumVisualStudioVersion = 10.0.40219.1
Project("{9A19103F-16F7-4668-BE54-9A1E7A4F7556}") = "jettnet.core", "jettnet.core\jettnet.core.csproj", "{DBCE1690-14DB-40FE-A155-584483A542B4}"
EndProject
Project("{FAE04EC0-301F-11D3-BF4B-00C04F79EFBC}") = "jettnet.core.tests", "jettnet.core.tests\jettnet.core.tests.csproj", "{FD4A5AAA-ADC6-4532-845B-7C31508226FC}"
EndProject
Global
	GlobalSection(SolutionConfigurationPlatforms) = preSolution
		Debug|Any CPU = Debug|Any CPU
		Release|Any CPU = Release|Any CPU
	EndGlobalSection
	GlobalSection(ProjectConfigurationPlatforms) = postSolution
		{DBCE1690-14DB-40FE-A155-584483A542B4}.Debug|Any CPU.ActiveCfg = Debug|Any CPU
		{DBCE1690-14DB-40FE-A155-584483A542B4}.Debug|Any CPU.Build.0 = Debug|Any CPU
		{DBCE1690-14DB-40FE-A155-584483A542B4}.Release|Any CPU.ActiveCfg = Release|Any CPU
		{DBCE1690-14DB-40FE-A155-584483A542B4}.Release|Any CPU.Build.0 = Release|Any CPU
		{FD4A5AAA-ADC6-4532-845B-7C31508226FC}.Debug|Any CPU.ActiveCfg = Debug|Any CPU
		{FD4A5AAA-ADC6-4532-845B-7C31508226FC}.Debug|Any CPU.Build.0 = Debug|Any CPU
		{FD4A5AAA-ADC6-4532-845B-7C31508226FC}.Release|Any CPU.ActiveCfg = Release|Any CPU
		{FD4A5AAA-ADC6-4532-845B-7C31508226FC}.Release|Any CPU.Build.0 = Release|Any CPU
	EndGlobalSection
	GlobalSection(SolutionProperties) = preSolution
		HideSolutionNode = FALSE
	EndGlobalSection
	GlobalSection(ExtensibilityGlobals) = postSolution
		SolutionGuid = {63133A53-049D-43D1-A148-F970B5D290CC}
	EndGlobalSection
EndGlobal
